
Microsoft Visual Studio Solution File, Format Version 12.00
# Visual Studio Version 17
VisualStudioVersion = 17.0.32112.339
MinimumVisualStudioVersion = 10.0.40219.1
Project("{9A19103F-16F7-4668-BE54-9A1E7A4F7556}") = "RangeTask2", "RangeTask2\RangeTask2.csproj", "{507B02FD-8536-4A59-AB43-B392C0888E13}"
EndProject
Project("{9A19103F-16F7-4668-BE54-9A1E7A4F7556}") = "RangeTask1", "RangeTask1\RangeTask1.csproj", "{8242A7AB-32F9-47F0-B28D-0E67BA50D52F}"
EndProject
Project("{9A19103F-16F7-4668-BE54-9A1E7A4F7556}") = "ShapesTask", "ShapesTask\ShapesTask.csproj", "{D5AB6102-773B-44CE-A705-61C75A7C0161}"
EndProject
Global
	GlobalSection(SolutionConfigurationPlatforms) = preSolution
		Debug|Any CPU = Debug|Any CPU
		Release|Any CPU = Release|Any CPU
	EndGlobalSection
	GlobalSection(ProjectConfigurationPlatforms) = postSolution
		{507B02FD-8536-4A59-AB43-B392C0888E13}.Debug|Any CPU.ActiveCfg = Debug|Any CPU
		{507B02FD-8536-4A59-AB43-B392C0888E13}.Debug|Any CPU.Build.0 = Debug|Any CPU
		{507B02FD-8536-4A59-AB43-B392C0888E13}.Release|Any CPU.ActiveCfg = Release|Any CPU
		{507B02FD-8536-4A59-AB43-B392C0888E13}.Release|Any CPU.Build.0 = Release|Any CPU
		{8242A7AB-32F9-47F0-B28D-0E67BA50D52F}.Debug|Any CPU.ActiveCfg = Debug|Any CPU
		{8242A7AB-32F9-47F0-B28D-0E67BA50D52F}.Debug|Any CPU.Build.0 = Debug|Any CPU
		{8242A7AB-32F9-47F0-B28D-0E67BA50D52F}.Release|Any CPU.ActiveCfg = Release|Any CPU
		{8242A7AB-32F9-47F0-B28D-0E67BA50D52F}.Release|Any CPU.Build.0 = Release|Any CPU
		{D5AB6102-773B-44CE-A705-61C75A7C0161}.Debug|Any CPU.ActiveCfg = Debug|Any CPU
		{D5AB6102-773B-44CE-A705-61C75A7C0161}.Debug|Any CPU.Build.0 = Debug|Any CPU
		{D5AB6102-773B-44CE-A705-61C75A7C0161}.Release|Any CPU.ActiveCfg = Release|Any CPU
		{D5AB6102-773B-44CE-A705-61C75A7C0161}.Release|Any CPU.Build.0 = Release|Any CPU
	EndGlobalSection
	GlobalSection(SolutionProperties) = preSolution
		HideSolutionNode = FALSE
	EndGlobalSection
	GlobalSection(ExtensibilityGlobals) = postSolution
		SolutionGuid = {4BA27B59-5369-4DDE-8DCF-7C73C6ED9502}
	EndGlobalSection
EndGlobal
